
Microsoft Visual Studio Solution File, Format Version 12.00
# Visual Studio Version 17
VisualStudioVersion = 17.14.36930.0 d17.14
MinimumVisualStudioVersion = 10.0.40219.1
Project("{888888A0-9F3D-457C-B088-3A5042F75D52}") = "DB_MQTT", "DB_MQTT.pyproj", "{0AD74E88-77B2-478C-A90E-B345356DF1D4}"
EndProject
Global
	GlobalSection(SolutionConfigurationPlatforms) = preSolution
		Debug|Any CPU = Debug|Any CPU
		Release|Any CPU = Release|Any CPU
	EndGlobalSection
	GlobalSection(ProjectConfigurationPlatforms) = postSolution
		{0AD74E88-77B2-478C-A90E-B345356DF1D4}.Debug|Any CPU.ActiveCfg = Debug|Any CPU
		{0AD74E88-77B2-478C-A90E-B345356DF1D4}.Release|Any CPU.ActiveCfg = Release|Any CPU
	EndGlobalSection
	GlobalSection(SolutionProperties) = preSolution
		HideSolutionNode = FALSE
	EndGlobalSection
	GlobalSection(ExtensibilityGlobals) = postSolution
		SolutionGuid = {8612DE9E-EF59-49B1-9264-D31206F12537}
	EndGlobalSection
EndGlobal
